
Microsoft Visual Studio Solution File, Format Version 10.00
# Visual C++ Express 2008
Project("{8BC9CEB8-8B4A-11D0-8D11-00A0C91BC942}") = "Coisinhas", "Coisinhas\Coisinhas.vcproj", "{EACFDF69-F4B2-4E08-BAAF-0B1A80E668A8}"
EndProject
Global
	GlobalSection(SolutionConfigurationPlatforms) = preSolution
		Debug|Win32 = Debug|Win32
		Release|Win32 = Release|Win32
	EndGlobalSection
	GlobalSection(ProjectConfigurationPlatforms) = postSolution
		{EACFDF69-F4B2-4E08-BAAF-0B1A80E668A8}.Debug|Win32.ActiveCfg = Debug|Win32
		{EACFDF69-F4B2-4E08-BAAF-0B1A80E668A8}.Debug|Win32.Build.0 = Debug|Win32
		{EACFDF69-F4B2-4E08-BAAF-0B1A80E668A8}.Release|Win32.ActiveCfg = Release|Win32
		{EACFDF69-F4B2-4E08-BAAF-0B1A80E668A8}.Release|Win32.Build.0 = Release|Win32
	EndGlobalSection
	GlobalSection(SolutionProperties) = preSolution
		HideSolutionNode = FALSE
	EndGlobalSection
EndGlobal
